{
    "_meta": {
        "hash": {
            "sha256": "d1a8b8a3a99aa3167e47994cfa4d7f905d83955055d9d249f42b88571ade2903"
        },
        "pipfile-spec": 6,
        "requires": {
            "python_version": "3.8"
        },
        "sources": [
            {
                "name": "pypi",
                "url": "https://pypi.org/simple",
                "verify_ssl": true
            }
        ]
    },
    "default": {
        "split-folders": {
            "hashes": [
                "sha256:0252f36a93af05cb93080e4236aa602ff59af4e1ab62932a7545ac5ab5097827",
                "sha256:98f32fbff02702529db3c11e5f7c049fb030a7911876b653a40796a2ae3401b6"
            ],
            "index": "pypi",
            "version": "==0.3.1"
        },
        "tqdm": {
            "hashes": [
                "sha256:4733c4a10d0f2a4d098d801464bdaf5240c7dadd2a7fde4ee93b0a0efd9fb25e",
                "sha256:acdafb20f51637ca3954150d0405ff1a7edde0ff19e38fb99a80a66210d2a28f"
            ],
            "index": "pypi",
            "version": "==4.46.0"
        }
    },
    "develop": {}
}
